
Microsoft Visual Studio Solution File, Format Version 12.00
# Visual Studio Version 17
VisualStudioVersion = 17.5.002.0
MinimumVisualStudioVersion = 10.0.40219.1
Project("{9A19103F-16F7-4668-BE54-9A1E7A4F7556}") = "seminarska", "seminarska.csproj", "{3AD7C214-A604-4552-975B-8926DD6440F5}"
EndProject
Global
	GlobalSection(SolutionConfigurationPlatforms) = preSolution
		Debug|Any CPU = Debug|Any CPU
		Release|Any CPU = Release|Any CPU
	EndGlobalSection
	GlobalSection(ProjectConfigurationPlatforms) = postSolution
		{3AD7C214-A604-4552-975B-8926DD6440F5}.Debug|Any CPU.ActiveCfg = Debug|Any CPU
		{3AD7C214-A604-4552-975B-8926DD6440F5}.Debug|Any CPU.Build.0 = Debug|Any CPU
		{3AD7C214-A604-4552-975B-8926DD6440F5}.Release|Any CPU.ActiveCfg = Release|Any CPU
		{3AD7C214-A604-4552-975B-8926DD6440F5}.Release|Any CPU.Build.0 = Release|Any CPU
	EndGlobalSection
	GlobalSection(SolutionProperties) = preSolution
		HideSolutionNode = FALSE
	EndGlobalSection
	GlobalSection(ExtensibilityGlobals) = postSolution
		SolutionGuid = {E0490175-D8B8-452F-B1DD-F3DA80540CA7}
	EndGlobalSection
EndGlobal
